
Microsoft Visual Studio Solution File, Format Version 12.00
# Visual Studio Version 16
VisualStudioVersion = 16.0.30011.22
MinimumVisualStudioVersion = 10.0.40219.1
Project("{FAE04EC0-301F-11D3-BF4B-00C04F79EFBC}") = "Calculadora", "Calculadora.csproj", "{FEE206E2-4C44-4AAB-81EF-EBB0FCCBEB66}"
EndProject
Global
	GlobalSection(SolutionConfigurationPlatforms) = preSolution
		Debug|Any CPU = Debug|Any CPU
		Release|Any CPU = Release|Any CPU
	EndGlobalSection
	GlobalSection(ProjectConfigurationPlatforms) = postSolution
		{FEE206E2-4C44-4AAB-81EF-EBB0FCCBEB66}.Debug|Any CPU.ActiveCfg = Debug|Any CPU
		{FEE206E2-4C44-4AAB-81EF-EBB0FCCBEB66}.Debug|Any CPU.Build.0 = Debug|Any CPU
		{FEE206E2-4C44-4AAB-81EF-EBB0FCCBEB66}.Release|Any CPU.ActiveCfg = Release|Any CPU
		{FEE206E2-4C44-4AAB-81EF-EBB0FCCBEB66}.Release|Any CPU.Build.0 = Release|Any CPU
	EndGlobalSection
	GlobalSection(SolutionProperties) = preSolution
		HideSolutionNode = FALSE
	EndGlobalSection
	GlobalSection(ExtensibilityGlobals) = postSolution
		SolutionGuid = {7F476464-4AF9-4F3E-B1E2-F9A668D439BA}
	EndGlobalSection
EndGlobal
